
Microsoft Visual Studio Solution File, Format Version 12.00
# Visual Studio 15
VisualStudioVersion = 15.0.26430.16
MinimumVisualStudioVersion = 10.0.40219.1
Project("{2150E333-8FDC-42A3-9474-1A3956D46DE8}") = "Examples", "Examples", "{642E076D-2DD8-4C5F-A7C3-96A34E73BCFF}"
EndProject
Project("{2150E333-8FDC-42A3-9474-1A3956D46DE8}") = "Solution Items", "Solution Items", "{280D39E7-E4E4-4DEF-AB01-35941E8654BA}"
	ProjectSection(SolutionItems) = preProject
		JobObjectWrapper.nuspec = JobObjectWrapper.nuspec
		JobObjectWrapper.targets = JobObjectWrapper.targets
		License.txt = License.txt
		ToDo.txt = ToDo.txt
	EndProjectSection
EndProject
Project("{FAE04EC0-301F-11D3-BF4B-00C04F79EFBC}") = "InJobProcessCreator", "InJobProcessCreator\InJobProcessCreator.csproj", "{1208C948-CD63-45A9-8031-3D7EF416E623}"
EndProject
Project("{8BC9CEB8-8B4A-11D0-8D11-00A0C91BC942}") = "JobManagement", "JobManagement\JobManagement.vcxproj", "{0E50E067-74E6-41E9-8E69-B485813CA7D8}"
EndProject
Project("{FAE04EC0-301F-11D3-BF4B-00C04F79EFBC}") = "ConsoleApplicationTestJob", "ConsoleApplicationTestJob\ConsoleApplicationTestJob.csproj", "{7A2E87B8-B42E-469C-BB7C-6CD132F402E5}"
	ProjectSection(ProjectDependencies) = postProject
		{1208C948-CD63-45A9-8031-3D7EF416E623} = {1208C948-CD63-45A9-8031-3D7EF416E623}
	EndProjectSection
EndProject
Project("{FAE04EC0-301F-11D3-BF4B-00C04F79EFBC}") = "EndOfProcessTime", "Examples\EndOfProcessTime\EndOfProcessTime.csproj", "{C935D2E3-37E2-4906-9D5A-47B56F3BC5A8}"
	ProjectSection(ProjectDependencies) = postProject
		{1208C948-CD63-45A9-8031-3D7EF416E623} = {1208C948-CD63-45A9-8031-3D7EF416E623}
	EndProjectSection
EndProject
Project("{FAE04EC0-301F-11D3-BF4B-00C04F79EFBC}") = "EndOfJobTime", "Examples\EndOfJobTime\EndOfJobTime.csproj", "{CAFF6A01-8EBF-4040-9A42-E950BCBEE0F5}"
	ProjectSection(ProjectDependencies) = postProject
		{1208C948-CD63-45A9-8031-3D7EF416E623} = {1208C948-CD63-45A9-8031-3D7EF416E623}
	EndProjectSection
EndProject
Project("{FAE04EC0-301F-11D3-BF4B-00C04F79EFBC}") = "NumOfMaxProcessesReached", "Examples\NumOfMaxProcessesReached\NumOfMaxProcessesReached.csproj", "{32D55A47-1F54-4A6C-9B23-C89F28076530}"
	ProjectSection(ProjectDependencies) = postProject
		{1208C948-CD63-45A9-8031-3D7EF416E623} = {1208C948-CD63-45A9-8031-3D7EF416E623}
	EndProjectSection
EndProject
Project("{FAE04EC0-301F-11D3-BF4B-00C04F79EFBC}") = "EndOfProcessMemory", "Examples\EndOfProcessMemory\EndOfProcessMemory.csproj", "{C1B24BBC-346E-4B59-8EC6-FE18375EBAF1}"
	ProjectSection(ProjectDependencies) = postProject
		{1208C948-CD63-45A9-8031-3D7EF416E623} = {1208C948-CD63-45A9-8031-3D7EF416E623}
	EndProjectSection
EndProject
Project("{FAE04EC0-301F-11D3-BF4B-00C04F79EFBC}") = "EndOfJobMemory", "Examples\EndOfJobMemory\EndOfJobMemory.csproj", "{54D7A119-2C07-481B-9662-BA9A65A4B766}"
	ProjectSection(ProjectDependencies) = postProject
		{1208C948-CD63-45A9-8031-3D7EF416E623} = {1208C948-CD63-45A9-8031-3D7EF416E623}
	EndProjectSection
EndProject
Project("{FAE04EC0-301F-11D3-BF4B-00C04F79EFBC}") = "DieOnUnhandledException", "Examples\DieOnUnhandledException\DieOnUnhandledException.csproj", "{1E2B4794-6273-468C-9505-C752F0BA377D}"
EndProject
Project("{FAE04EC0-301F-11D3-BF4B-00C04F79EFBC}") = "KillAllProcessesOnJobClose", "Examples\KillAllProcessesOnJobClose\KillAllProcessesOnJobClose.csproj", "{3D3A7A91-32BB-43BF-859E-769F733F05B2}"
EndProject
Global
	GlobalSection(SolutionConfigurationPlatforms) = preSolution
		Debug|x64 = Debug|x64
		Debug|x86 = Debug|x86
		Release|x64 = Release|x64
		Release|x86 = Release|x86
	EndGlobalSection
	GlobalSection(ProjectConfigurationPlatforms) = postSolution
		{1208C948-CD63-45A9-8031-3D7EF416E623}.Debug|x64.ActiveCfg = Debug|x64
		{1208C948-CD63-45A9-8031-3D7EF416E623}.Debug|x64.Build.0 = Debug|x64
		{1208C948-CD63-45A9-8031-3D7EF416E623}.Debug|x86.ActiveCfg = Debug|x86
		{1208C948-CD63-45A9-8031-3D7EF416E623}.Debug|x86.Build.0 = Debug|x86
		{1208C948-CD63-45A9-8031-3D7EF416E623}.Release|x64.ActiveCfg = Release|x64
		{1208C948-CD63-45A9-8031-3D7EF416E623}.Release|x64.Build.0 = Release|x64
		{1208C948-CD63-45A9-8031-3D7EF416E623}.Release|x86.ActiveCfg = Release|x86
		{1208C948-CD63-45A9-8031-3D7EF416E623}.Release|x86.Build.0 = Release|x86
		{0E50E067-74E6-41E9-8E69-B485813CA7D8}.Debug|x64.ActiveCfg = Debug|x64
		{0E50E067-74E6-41E9-8E69-B485813CA7D8}.Debug|x64.Build.0 = Debug|x64
		{0E50E067-74E6-41E9-8E69-B485813CA7D8}.Debug|x86.ActiveCfg = Debug|Win32
		{0E50E067-74E6-41E9-8E69-B485813CA7D8}.Debug|x86.Build.0 = Debug|Win32
		{0E50E067-74E6-41E9-8E69-B485813CA7D8}.Release|x64.ActiveCfg = Release|x64
		{0E50E067-74E6-41E9-8E69-B485813CA7D8}.Release|x64.Build.0 = Release|x64
		{0E50E067-74E6-41E9-8E69-B485813CA7D8}.Release|x86.ActiveCfg = Release|Win32
		{0E50E067-74E6-41E9-8E69-B485813CA7D8}.Release|x86.Build.0 = Release|Win32
		{7A2E87B8-B42E-469C-BB7C-6CD132F402E5}.Debug|x64.ActiveCfg = Debug|x64
		{7A2E87B8-B42E-469C-BB7C-6CD132F402E5}.Debug|x64.Build.0 = Debug|x64
		{7A2E87B8-B42E-469C-BB7C-6CD132F402E5}.Debug|x86.ActiveCfg = Debug|x86
		{7A2E87B8-B42E-469C-BB7C-6CD132F402E5}.Debug|x86.Build.0 = Debug|x86
		{7A2E87B8-B42E-469C-BB7C-6CD132F402E5}.Release|x64.ActiveCfg = Release|x64
		{7A2E87B8-B42E-469C-BB7C-6CD132F402E5}.Release|x64.Build.0 = Release|x64
		{7A2E87B8-B42E-469C-BB7C-6CD132F402E5}.Release|x86.ActiveCfg = Release|x86
		{7A2E87B8-B42E-469C-BB7C-6CD132F402E5}.Release|x86.Build.0 = Release|x86
		{C935D2E3-37E2-4906-9D5A-47B56F3BC5A8}.Debug|x64.ActiveCfg = Debug|x64
		{C935D2E3-37E2-4906-9D5A-47B56F3BC5A8}.Debug|x64.Build.0 = Debug|x64
		{C935D2E3-37E2-4906-9D5A-47B56F3BC5A8}.Debug|x86.ActiveCfg = Debug|x86
		{C935D2E3-37E2-4906-9D5A-47B56F3BC5A8}.Debug|x86.Build.0 = Debug|x86
		{C935D2E3-37E2-4906-9D5A-47B56F3BC5A8}.Release|x64.ActiveCfg = Release|x64
		{C935D2E3-37E2-4906-9D5A-47B56F3BC5A8}.Release|x64.Build.0 = Release|x64
		{C935D2E3-37E2-4906-9D5A-47B56F3BC5A8}.Release|x86.ActiveCfg = Release|x86
		{C935D2E3-37E2-4906-9D5A-47B56F3BC5A8}.Release|x86.Build.0 = Release|x86
		{CAFF6A01-8EBF-4040-9A42-E950BCBEE0F5}.Debug|x64.ActiveCfg = Debug|x64
		{CAFF6A01-8EBF-4040-9A42-E950BCBEE0F5}.Debug|x64.Build.0 = Debug|x64
		{CAFF6A01-8EBF-4040-9A42-E950BCBEE0F5}.Debug|x86.ActiveCfg = Debug|x86
		{CAFF6A01-8EBF-4040-9A42-E950BCBEE0F5}.Debug|x86.Build.0 = Debug|x86
		{CAFF6A01-8EBF-4040-9A42-E950BCBEE0F5}.Release|x64.ActiveCfg = Release|x64
		{CAFF6A01-8EBF-4040-9A42-E950BCBEE0F5}.Release|x64.Build.0 = Release|x64
		{CAFF6A01-8EBF-4040-9A42-E950BCBEE0F5}.Release|x86.ActiveCfg = Release|x86
		{CAFF6A01-8EBF-4040-9A42-E950BCBEE0F5}.Release|x86.Build.0 = Release|x86
		{32D55A47-1F54-4A6C-9B23-C89F28076530}.Debug|x64.ActiveCfg = Debug|x64
		{32D55A47-1F54-4A6C-9B23-C89F28076530}.Debug|x64.Build.0 = Debug|x64
		{32D55A47-1F54-4A6C-9B23-C89F28076530}.Debug|x86.ActiveCfg = Debug|x86
		{32D55A47-1F54-4A6C-9B23-C89F28076530}.Debug|x86.Build.0 = Debug|x86
		{32D55A47-1F54-4A6C-9B23-C89F28076530}.Release|x64.ActiveCfg = Release|x64
		{32D55A47-1F54-4A6C-9B23-C89F28076530}.Release|x64.Build.0 = Release|x64
		{32D55A47-1F54-4A6C-9B23-C89F28076530}.Release|x86.ActiveCfg = Release|x86
		{32D55A47-1F54-4A6C-9B23-C89F28076530}.Release|x86.Build.0 = Release|x86
		{C1B24BBC-346E-4B59-8EC6-FE18375EBAF1}.Debug|x64.ActiveCfg = Debug|x64
		{C1B24BBC-346E-4B59-8EC6-FE18375EBAF1}.Debug|x64.Build.0 = Debug|x64
		{C1B24BBC-346E-4B59-8EC6-FE18375EBAF1}.Debug|x86.ActiveCfg = Debug|x86
		{C1B24BBC-346E-4B59-8EC6-FE18375EBAF1}.Debug|x86.Build.0 = Debug|x86
		{C1B24BBC-346E-4B59-8EC6-FE18375EBAF1}.Release|x64.ActiveCfg = Release|x64
		{C1B24BBC-346E-4B59-8EC6-FE18375EBAF1}.Release|x64.Build.0 = Release|x64
		{C1B24BBC-346E-4B59-8EC6-FE18375EBAF1}.Release|x86.ActiveCfg = Release|x86
		{C1B24BBC-346E-4B59-8EC6-FE18375EBAF1}.Release|x86.Build.0 = Release|x86
		{54D7A119-2C07-481B-9662-BA9A65A4B766}.Debug|x64.ActiveCfg = Debug|x64
		{54D7A119-2C07-481B-9662-BA9A65A4B766}.Debug|x64.Build.0 = Debug|x64
		{54D7A119-2C07-481B-9662-BA9A65A4B766}.Debug|x86.ActiveCfg = Debug|x86
		{54D7A119-2C07-481B-9662-BA9A65A4B766}.Debug|x86.Build.0 = Debug|x86
		{54D7A119-2C07-481B-9662-BA9A65A4B766}.Release|x64.ActiveCfg = Release|x64
		{54D7A119-2C07-481B-9662-BA9A65A4B766}.Release|x64.Build.0 = Release|x64
		{54D7A119-2C07-481B-9662-BA9A65A4B766}.Release|x86.ActiveCfg = Release|x86
		{54D7A119-2C07-481B-9662-BA9A65A4B766}.Release|x86.Build.0 = Release|x86
		{1E2B4794-6273-468C-9505-C752F0BA377D}.Debug|x64.ActiveCfg = Debug|x64
		{1E2B4794-6273-468C-9505-C752F0BA377D}.Debug|x64.Build.0 = Debug|x64
		{1E2B4794-6273-468C-9505-C752F0BA377D}.Debug|x86.ActiveCfg = Debug|x86
		{1E2B4794-6273-468C-9505-C752F0BA377D}.Debug|x86.Build.0 = Debug|x86
		{1E2B4794-6273-468C-9505-C752F0BA377D}.Release|x64.ActiveCfg = Release|x64
		{1E2B4794-6273-468C-9505-C752F0BA377D}.Release|x64.Build.0 = Release|x64
		{1E2B4794-6273-468C-9505-C752F0BA377D}.Release|x86.ActiveCfg = Release|x86
		{1E2B4794-6273-468C-9505-C752F0BA377D}.Release|x86.Build.0 = Release|x86
		{3D3A7A91-32BB-43BF-859E-769F733F05B2}.Debug|x64.ActiveCfg = Debug|x64
		{3D3A7A91-32BB-43BF-859E-769F733F05B2}.Debug|x64.Build.0 = Debug|x64
		{3D3A7A91-32BB-43BF-859E-769F733F05B2}.Debug|x86.ActiveCfg = Debug|x86
		{3D3A7A91-32BB-43BF-859E-769F733F05B2}.Debug|x86.Build.0 = Debug|x86
		{3D3A7A91-32BB-43BF-859E-769F733F05B2}.Release|x64.ActiveCfg = Release|x64
		{3D3A7A91-32BB-43BF-859E-769F733F05B2}.Release|x64.Build.0 = Release|x64
		{3D3A7A91-32BB-43BF-859E-769F733F05B2}.Release|x86.ActiveCfg = Release|x86
		{3D3A7A91-32BB-43BF-859E-769F733F05B2}.Release|x86.Build.0 = Release|x86
	EndGlobalSection
	GlobalSection(SolutionProperties) = preSolution
		HideSolutionNode = FALSE
	EndGlobalSection
	GlobalSection(NestedProjects) = preSolution
		{C935D2E3-37E2-4906-9D5A-47B56F3BC5A8} = {642E076D-2DD8-4C5F-A7C3-96A34E73BCFF}
		{CAFF6A01-8EBF-4040-9A42-E950BCBEE0F5} = {642E076D-2DD8-4C5F-A7C3-96A34E73BCFF}
		{32D55A47-1F54-4A6C-9B23-C89F28076530} = {642E076D-2DD8-4C5F-A7C3-96A34E73BCFF}
		{C1B24BBC-346E-4B59-8EC6-FE18375EBAF1} = {642E076D-2DD8-4C5F-A7C3-96A34E73BCFF}
		{54D7A119-2C07-481B-9662-BA9A65A4B766} = {642E076D-2DD8-4C5F-A7C3-96A34E73BCFF}
		{1E2B4794-6273-468C-9505-C752F0BA377D} = {642E076D-2DD8-4C5F-A7C3-96A34E73BCFF}
		{3D3A7A91-32BB-43BF-859E-769F733F05B2} = {642E076D-2DD8-4C5F-A7C3-96A34E73BCFF}
	EndGlobalSection
EndGlobal
