
Microsoft Visual Studio Solution File, Format Version 9.00
# Visual Studio 2005
Project("{FAE04EC0-301F-11D3-BF4B-00C04F79EFBC}") = "InJobProcessCreator", "InJobProcessCreator\InJobProcessCreator.csproj", "{1208C948-CD63-45A9-8031-3D7EF416E623}"
EndProject
Project("{8BC9CEB8-8B4A-11D0-8D11-00A0C91BC942}") = "JobManagement", "JobManagement\JobManagement.vcproj", "{0E50E067-74E6-41E9-8E69-B485813CA7D8}"
EndProject
Project("{FAE04EC0-301F-11D3-BF4B-00C04F79EFBC}") = "ConsoleApplicationTestJob", "ConsoleApplicationTestJob\ConsoleApplicationTestJob.csproj", "{7A2E87B8-B42E-469C-BB7C-6CD132F402E5}"
EndProject
Project("{8BC9CEB8-8B4A-11D0-8D11-00A0C91BC942}") = "SecurityTests", "SecurityTests\SecurityTests.vcproj", "{5D580E80-A1E6-4045-9ACE-6532ACA3FA4C}"
EndProject
Project("{FAE04EC0-301F-11D3-BF4B-00C04F79EFBC}") = "TestMemoryLimit", "TestMemoryLimit\TestMemoryLimit.csproj", "{B3C3740E-1C7A-4B47-955B-CE8CF1C96788}"
EndProject
Project("{2150E333-8FDC-42A3-9474-1A3956D46DE8}") = "Examples", "Examples", "{642E076D-2DD8-4C5F-A7C3-96A34E73BCFF}"
EndProject
Project("{FAE04EC0-301F-11D3-BF4B-00C04F79EFBC}") = "EndOfProcessTime", "Examples\EndOfProcessTime\EndOfProcessTime.csproj", "{C935D2E3-37E2-4906-9D5A-47B56F3BC5A8}"
EndProject
Project("{FAE04EC0-301F-11D3-BF4B-00C04F79EFBC}") = "EndOfJobTime", "Examples\EndOfJobTime\EndOfJobTime.csproj", "{CAFF6A01-8EBF-4040-9A42-E950BCBEE0F5}"
EndProject
Global
	GlobalSection(TeamFoundationVersionControl) = preSolution
		SccNumberOfProjects = 7
		SccEnterpriseProvider = {4CA58AB2-18FA-4F8D-95D4-32DDF27D184C}
		SccTeamFoundationServer = https://tfs04.codeplex.com/
		SccLocalPath0 = .
		SccProjectUniqueName1 = InJobProcessCreator\\InJobProcessCreator.csproj
		SccProjectName1 = InJobProcessCreator
		SccLocalPath1 = InJobProcessCreator
		SccProjectUniqueName2 = JobManagement\\JobManagement.vcproj
		SccProjectName2 = JobManagement
		SccLocalPath2 = JobManagement
		SccProjectUniqueName3 = ConsoleApplicationTestJob\\ConsoleApplicationTestJob.csproj
		SccProjectName3 = ConsoleApplicationTestJob
		SccLocalPath3 = ConsoleApplicationTestJob
		SccProjectUniqueName4 = SecurityTests\\SecurityTests.vcproj
		SccProjectName4 = SecurityTests
		SccLocalPath4 = SecurityTests
		SccProjectUniqueName5 = Examples\\EndOfJobTime\\EndOfJobTime.csproj
		SccProjectTopLevelParentUniqueName5 = JobObjectWrapper.sln
		SccProjectName5 = Examples/EndOfJobTime
		SccLocalPath5 = Examples\\EndOfJobTime
		SccProjectUniqueName6 = Examples\\EndOfProcessTime\\EndOfProcessTime.csproj
		SccProjectTopLevelParentUniqueName6 = JobObjectWrapper.sln
		SccProjectName6 = Examples/EndOfProcessTime
		SccLocalPath6 = Examples\\EndOfProcessTime
	EndGlobalSection
	GlobalSection(SolutionConfigurationPlatforms) = preSolution
		Debug|Any CPU = Debug|Any CPU
		Debug|Mixed Platforms = Debug|Mixed Platforms
		Debug|Win32 = Debug|Win32
		Debug|x64 = Debug|x64
		Debug|x86 = Debug|x86
		Release|Any CPU = Release|Any CPU
		Release|Mixed Platforms = Release|Mixed Platforms
		Release|Win32 = Release|Win32
		Release|x64 = Release|x64
		Release|x86 = Release|x86
	EndGlobalSection
	GlobalSection(ProjectConfigurationPlatforms) = postSolution
		{1208C948-CD63-45A9-8031-3D7EF416E623}.Debug|Any CPU.ActiveCfg = Debug|Any CPU
		{1208C948-CD63-45A9-8031-3D7EF416E623}.Debug|Any CPU.Build.0 = Debug|Any CPU
		{1208C948-CD63-45A9-8031-3D7EF416E623}.Debug|Mixed Platforms.ActiveCfg = Debug|x86
		{1208C948-CD63-45A9-8031-3D7EF416E623}.Debug|Mixed Platforms.Build.0 = Debug|x86
		{1208C948-CD63-45A9-8031-3D7EF416E623}.Debug|Win32.ActiveCfg = Debug|x86
		{1208C948-CD63-45A9-8031-3D7EF416E623}.Debug|x64.ActiveCfg = Debug|x86
		{1208C948-CD63-45A9-8031-3D7EF416E623}.Debug|x86.ActiveCfg = Debug|x86
		{1208C948-CD63-45A9-8031-3D7EF416E623}.Debug|x86.Build.0 = Debug|x86
		{1208C948-CD63-45A9-8031-3D7EF416E623}.Release|Any CPU.ActiveCfg = Release|Any CPU
		{1208C948-CD63-45A9-8031-3D7EF416E623}.Release|Any CPU.Build.0 = Release|Any CPU
		{1208C948-CD63-45A9-8031-3D7EF416E623}.Release|Mixed Platforms.ActiveCfg = Release|x86
		{1208C948-CD63-45A9-8031-3D7EF416E623}.Release|Mixed Platforms.Build.0 = Release|x86
		{1208C948-CD63-45A9-8031-3D7EF416E623}.Release|Win32.ActiveCfg = Release|x86
		{1208C948-CD63-45A9-8031-3D7EF416E623}.Release|x64.ActiveCfg = Release|x86
		{1208C948-CD63-45A9-8031-3D7EF416E623}.Release|x86.ActiveCfg = Release|x86
		{1208C948-CD63-45A9-8031-3D7EF416E623}.Release|x86.Build.0 = Release|x86
		{0E50E067-74E6-41E9-8E69-B485813CA7D8}.Debug|Any CPU.ActiveCfg = Debug|Win32
		{0E50E067-74E6-41E9-8E69-B485813CA7D8}.Debug|Mixed Platforms.ActiveCfg = Debug|Win32
		{0E50E067-74E6-41E9-8E69-B485813CA7D8}.Debug|Mixed Platforms.Build.0 = Debug|Win32
		{0E50E067-74E6-41E9-8E69-B485813CA7D8}.Debug|Win32.ActiveCfg = Debug|Win32
		{0E50E067-74E6-41E9-8E69-B485813CA7D8}.Debug|Win32.Build.0 = Debug|Win32
		{0E50E067-74E6-41E9-8E69-B485813CA7D8}.Debug|x64.ActiveCfg = Debug|Win32
		{0E50E067-74E6-41E9-8E69-B485813CA7D8}.Debug|x86.ActiveCfg = Debug|Win32
		{0E50E067-74E6-41E9-8E69-B485813CA7D8}.Release|Any CPU.ActiveCfg = Release|Win32
		{0E50E067-74E6-41E9-8E69-B485813CA7D8}.Release|Mixed Platforms.ActiveCfg = Release|Win32
		{0E50E067-74E6-41E9-8E69-B485813CA7D8}.Release|Mixed Platforms.Build.0 = Release|Win32
		{0E50E067-74E6-41E9-8E69-B485813CA7D8}.Release|Win32.ActiveCfg = Release|Win32
		{0E50E067-74E6-41E9-8E69-B485813CA7D8}.Release|Win32.Build.0 = Release|Win32
		{0E50E067-74E6-41E9-8E69-B485813CA7D8}.Release|x64.ActiveCfg = Release|Win32
		{0E50E067-74E6-41E9-8E69-B485813CA7D8}.Release|x86.ActiveCfg = Release|Win32
		{7A2E87B8-B42E-469C-BB7C-6CD132F402E5}.Debug|Any CPU.ActiveCfg = Debug|Any CPU
		{7A2E87B8-B42E-469C-BB7C-6CD132F402E5}.Debug|Any CPU.Build.0 = Debug|Any CPU
		{7A2E87B8-B42E-469C-BB7C-6CD132F402E5}.Debug|Mixed Platforms.ActiveCfg = Debug|x86
		{7A2E87B8-B42E-469C-BB7C-6CD132F402E5}.Debug|Mixed Platforms.Build.0 = Debug|x86
		{7A2E87B8-B42E-469C-BB7C-6CD132F402E5}.Debug|Win32.ActiveCfg = Debug|x86
		{7A2E87B8-B42E-469C-BB7C-6CD132F402E5}.Debug|x64.ActiveCfg = Debug|x64
		{7A2E87B8-B42E-469C-BB7C-6CD132F402E5}.Debug|x64.Build.0 = Debug|x64
		{7A2E87B8-B42E-469C-BB7C-6CD132F402E5}.Debug|x86.ActiveCfg = Debug|x86
		{7A2E87B8-B42E-469C-BB7C-6CD132F402E5}.Debug|x86.Build.0 = Debug|x86
		{7A2E87B8-B42E-469C-BB7C-6CD132F402E5}.Release|Any CPU.ActiveCfg = Release|Any CPU
		{7A2E87B8-B42E-469C-BB7C-6CD132F402E5}.Release|Any CPU.Build.0 = Release|Any CPU
		{7A2E87B8-B42E-469C-BB7C-6CD132F402E5}.Release|Mixed Platforms.ActiveCfg = Release|x64
		{7A2E87B8-B42E-469C-BB7C-6CD132F402E5}.Release|Mixed Platforms.Build.0 = Release|x64
		{7A2E87B8-B42E-469C-BB7C-6CD132F402E5}.Release|Win32.ActiveCfg = Release|x64
		{7A2E87B8-B42E-469C-BB7C-6CD132F402E5}.Release|x64.ActiveCfg = Release|x64
		{7A2E87B8-B42E-469C-BB7C-6CD132F402E5}.Release|x64.Build.0 = Release|x64
		{7A2E87B8-B42E-469C-BB7C-6CD132F402E5}.Release|x86.ActiveCfg = Release|x86
		{7A2E87B8-B42E-469C-BB7C-6CD132F402E5}.Release|x86.Build.0 = Release|x86
		{5D580E80-A1E6-4045-9ACE-6532ACA3FA4C}.Debug|Any CPU.ActiveCfg = Debug|Win32
		{5D580E80-A1E6-4045-9ACE-6532ACA3FA4C}.Debug|Mixed Platforms.ActiveCfg = Debug|Win32
		{5D580E80-A1E6-4045-9ACE-6532ACA3FA4C}.Debug|Mixed Platforms.Build.0 = Debug|Win32
		{5D580E80-A1E6-4045-9ACE-6532ACA3FA4C}.Debug|Win32.ActiveCfg = Debug|Win32
		{5D580E80-A1E6-4045-9ACE-6532ACA3FA4C}.Debug|Win32.Build.0 = Debug|Win32
		{5D580E80-A1E6-4045-9ACE-6532ACA3FA4C}.Debug|x64.ActiveCfg = Debug|Win32
		{5D580E80-A1E6-4045-9ACE-6532ACA3FA4C}.Debug|x86.ActiveCfg = Debug|Win32
		{5D580E80-A1E6-4045-9ACE-6532ACA3FA4C}.Release|Any CPU.ActiveCfg = Release|Win32
		{5D580E80-A1E6-4045-9ACE-6532ACA3FA4C}.Release|Mixed Platforms.ActiveCfg = Release|Win32
		{5D580E80-A1E6-4045-9ACE-6532ACA3FA4C}.Release|Mixed Platforms.Build.0 = Release|Win32
		{5D580E80-A1E6-4045-9ACE-6532ACA3FA4C}.Release|Win32.ActiveCfg = Release|Win32
		{5D580E80-A1E6-4045-9ACE-6532ACA3FA4C}.Release|Win32.Build.0 = Release|Win32
		{5D580E80-A1E6-4045-9ACE-6532ACA3FA4C}.Release|x64.ActiveCfg = Release|Win32
		{5D580E80-A1E6-4045-9ACE-6532ACA3FA4C}.Release|x86.ActiveCfg = Release|Win32
		{B3C3740E-1C7A-4B47-955B-CE8CF1C96788}.Debug|Any CPU.ActiveCfg = Debug|Any CPU
		{B3C3740E-1C7A-4B47-955B-CE8CF1C96788}.Debug|Any CPU.Build.0 = Debug|Any CPU
		{B3C3740E-1C7A-4B47-955B-CE8CF1C96788}.Debug|Mixed Platforms.ActiveCfg = Debug|x86
		{B3C3740E-1C7A-4B47-955B-CE8CF1C96788}.Debug|Mixed Platforms.Build.0 = Debug|x86
		{B3C3740E-1C7A-4B47-955B-CE8CF1C96788}.Debug|Win32.ActiveCfg = Debug|Any CPU
		{B3C3740E-1C7A-4B47-955B-CE8CF1C96788}.Debug|x64.ActiveCfg = Debug|Any CPU
		{B3C3740E-1C7A-4B47-955B-CE8CF1C96788}.Debug|x86.ActiveCfg = Debug|Any CPU
		{B3C3740E-1C7A-4B47-955B-CE8CF1C96788}.Release|Any CPU.ActiveCfg = Release|Any CPU
		{B3C3740E-1C7A-4B47-955B-CE8CF1C96788}.Release|Any CPU.Build.0 = Release|Any CPU
		{B3C3740E-1C7A-4B47-955B-CE8CF1C96788}.Release|Mixed Platforms.ActiveCfg = Release|Any CPU
		{B3C3740E-1C7A-4B47-955B-CE8CF1C96788}.Release|Mixed Platforms.Build.0 = Release|Any CPU
		{B3C3740E-1C7A-4B47-955B-CE8CF1C96788}.Release|Win32.ActiveCfg = Release|Any CPU
		{B3C3740E-1C7A-4B47-955B-CE8CF1C96788}.Release|x64.ActiveCfg = Release|Any CPU
		{B3C3740E-1C7A-4B47-955B-CE8CF1C96788}.Release|x86.ActiveCfg = Release|Any CPU
		{C935D2E3-37E2-4906-9D5A-47B56F3BC5A8}.Debug|Any CPU.ActiveCfg = Debug|Any CPU
		{C935D2E3-37E2-4906-9D5A-47B56F3BC5A8}.Debug|Any CPU.Build.0 = Debug|Any CPU
		{C935D2E3-37E2-4906-9D5A-47B56F3BC5A8}.Debug|Mixed Platforms.ActiveCfg = Debug|Any CPU
		{C935D2E3-37E2-4906-9D5A-47B56F3BC5A8}.Debug|Mixed Platforms.Build.0 = Debug|Any CPU
		{C935D2E3-37E2-4906-9D5A-47B56F3BC5A8}.Debug|Win32.ActiveCfg = Debug|x86
		{C935D2E3-37E2-4906-9D5A-47B56F3BC5A8}.Debug|x64.ActiveCfg = Debug|Any CPU
		{C935D2E3-37E2-4906-9D5A-47B56F3BC5A8}.Debug|x86.ActiveCfg = Debug|Any CPU
		{C935D2E3-37E2-4906-9D5A-47B56F3BC5A8}.Release|Any CPU.ActiveCfg = Release|Any CPU
		{C935D2E3-37E2-4906-9D5A-47B56F3BC5A8}.Release|Any CPU.Build.0 = Release|Any CPU
		{C935D2E3-37E2-4906-9D5A-47B56F3BC5A8}.Release|Mixed Platforms.ActiveCfg = Release|Any CPU
		{C935D2E3-37E2-4906-9D5A-47B56F3BC5A8}.Release|Mixed Platforms.Build.0 = Release|Any CPU
		{C935D2E3-37E2-4906-9D5A-47B56F3BC5A8}.Release|Win32.ActiveCfg = Release|Any CPU
		{C935D2E3-37E2-4906-9D5A-47B56F3BC5A8}.Release|x64.ActiveCfg = Release|Any CPU
		{C935D2E3-37E2-4906-9D5A-47B56F3BC5A8}.Release|x86.ActiveCfg = Release|Any CPU
		{CAFF6A01-8EBF-4040-9A42-E950BCBEE0F5}.Debug|Any CPU.ActiveCfg = Debug|Any CPU
		{CAFF6A01-8EBF-4040-9A42-E950BCBEE0F5}.Debug|Any CPU.Build.0 = Debug|Any CPU
		{CAFF6A01-8EBF-4040-9A42-E950BCBEE0F5}.Debug|Mixed Platforms.ActiveCfg = Debug|Any CPU
		{CAFF6A01-8EBF-4040-9A42-E950BCBEE0F5}.Debug|Mixed Platforms.Build.0 = Debug|Any CPU
		{CAFF6A01-8EBF-4040-9A42-E950BCBEE0F5}.Debug|Win32.ActiveCfg = Debug|x86
		{CAFF6A01-8EBF-4040-9A42-E950BCBEE0F5}.Debug|x64.ActiveCfg = Debug|Any CPU
		{CAFF6A01-8EBF-4040-9A42-E950BCBEE0F5}.Debug|x86.ActiveCfg = Debug|Any CPU
		{CAFF6A01-8EBF-4040-9A42-E950BCBEE0F5}.Release|Any CPU.ActiveCfg = Release|Any CPU
		{CAFF6A01-8EBF-4040-9A42-E950BCBEE0F5}.Release|Any CPU.Build.0 = Release|Any CPU
		{CAFF6A01-8EBF-4040-9A42-E950BCBEE0F5}.Release|Mixed Platforms.ActiveCfg = Release|Any CPU
		{CAFF6A01-8EBF-4040-9A42-E950BCBEE0F5}.Release|Mixed Platforms.Build.0 = Release|Any CPU
		{CAFF6A01-8EBF-4040-9A42-E950BCBEE0F5}.Release|Win32.ActiveCfg = Release|Any CPU
		{CAFF6A01-8EBF-4040-9A42-E950BCBEE0F5}.Release|x64.ActiveCfg = Release|Any CPU
		{CAFF6A01-8EBF-4040-9A42-E950BCBEE0F5}.Release|x86.ActiveCfg = Release|Any CPU
	EndGlobalSection
	GlobalSection(SolutionProperties) = preSolution
		HideSolutionNode = FALSE
	EndGlobalSection
	GlobalSection(NestedProjects) = preSolution
		{C935D2E3-37E2-4906-9D5A-47B56F3BC5A8} = {642E076D-2DD8-4C5F-A7C3-96A34E73BCFF}
		{CAFF6A01-8EBF-4040-9A42-E950BCBEE0F5} = {642E076D-2DD8-4C5F-A7C3-96A34E73BCFF}
	EndGlobalSection
EndGlobal
