
Microsoft Visual Studio Solution File, Format Version 9.00
# Visual Studio 2005
Project("{FAE04EC0-301F-11D3-BF4B-00C04F79EFBC}") = "InJobProcessCreator", "InJobProcessCreator\InJobProcessCreator.csproj", "{1208C948-CD63-45A9-8031-3D7EF416E623}"
EndProject
Project("{8BC9CEB8-8B4A-11D0-8D11-00A0C91BC942}") = "JobManagement", "JobManagement\JobManagement.vcproj", "{0E50E067-74E6-41E9-8E69-B485813CA7D8}"
EndProject
Project("{FAE04EC0-301F-11D3-BF4B-00C04F79EFBC}") = "ConsoleApplicationTestJob", "ConsoleApplicationTestJob\ConsoleApplicationTestJob.csproj", "{7A2E87B8-B42E-469C-BB7C-6CD132F402E5}"
EndProject
Project("{2150E333-8FDC-42A3-9474-1A3956D46DE8}") = "Examples", "Examples", "{642E076D-2DD8-4C5F-A7C3-96A34E73BCFF}"
EndProject
Project("{FAE04EC0-301F-11D3-BF4B-00C04F79EFBC}") = "EndOfProcessTime", "Examples\EndOfProcessTime\EndOfProcessTime.csproj", "{C935D2E3-37E2-4906-9D5A-47B56F3BC5A8}"
EndProject
Project("{FAE04EC0-301F-11D3-BF4B-00C04F79EFBC}") = "EndOfJobTime", "Examples\EndOfJobTime\EndOfJobTime.csproj", "{CAFF6A01-8EBF-4040-9A42-E950BCBEE0F5}"
EndProject
Project("{FAE04EC0-301F-11D3-BF4B-00C04F79EFBC}") = "NumOfMaxProcessesReached", "Examples\NumOfMaxProcessesReached\NumOfMaxProcessesReached.csproj", "{32D55A47-1F54-4A6C-9B23-C89F28076530}"
EndProject
Project("{FAE04EC0-301F-11D3-BF4B-00C04F79EFBC}") = "EndOfProcessMemory", "Examples\EndOfProcessMemory\EndOfProcessMemory.csproj", "{C1B24BBC-346E-4B59-8EC6-FE18375EBAF1}"
EndProject
Project("{FAE04EC0-301F-11D3-BF4B-00C04F79EFBC}") = "EndOfJobMemory", "Examples\EndOfJobMemory\EndOfJobMemory.csproj", "{54D7A119-2C07-481B-9662-BA9A65A4B766}"
EndProject
Global
	GlobalSection(TeamFoundationVersionControl) = preSolution
		SccNumberOfProjects = 9
		SccEnterpriseProvider = {4CA58AB2-18FA-4F8D-95D4-32DDF27D184C}
		SccTeamFoundationServer = https://tfs04.codeplex.com/
		SccProjectUniqueName0 = InJobProcessCreator\\InJobProcessCreator.csproj
		SccProjectName0 = InJobProcessCreator
		SccLocalPath0 = InJobProcessCreator
		SccProjectUniqueName1 = JobManagement\\JobManagement.vcproj
		SccProjectName1 = JobManagement
		SccLocalPath1 = JobManagement
		SccProjectUniqueName2 = ConsoleApplicationTestJob\\ConsoleApplicationTestJob.csproj
		SccProjectName2 = ConsoleApplicationTestJob
		SccLocalPath2 = ConsoleApplicationTestJob
		SccProjectUniqueName3 = Examples\\EndOfProcessTime\\EndOfProcessTime.csproj
		SccProjectTopLevelParentUniqueName3 = JobObjectWrapper.sln
		SccProjectName3 = Examples/EndOfProcessTime
		SccLocalPath3 = Examples\\EndOfProcessTime
		SccProjectUniqueName4 = Examples\\EndOfJobTime\\EndOfJobTime.csproj
		SccProjectTopLevelParentUniqueName4 = JobObjectWrapper.sln
		SccProjectName4 = Examples/EndOfJobTime
		SccLocalPath4 = Examples\\EndOfJobTime
		SccProjectUniqueName5 = Examples\\NumOfMaxProcessesReached\\NumOfMaxProcessesReached.csproj
		SccProjectTopLevelParentUniqueName5 = JobObjectWrapper.sln
		SccProjectName5 = Examples/NumOfMaxProcessesReached
		SccLocalPath5 = Examples\\NumOfMaxProcessesReached
		SccProjectUniqueName6 = Examples\\EndOfProcessMemory\\EndOfProcessMemory.csproj
		SccProjectTopLevelParentUniqueName6 = JobObjectWrapper.sln
		SccProjectName6 = Examples/EndOfProcessMemory
		SccLocalPath6 = Examples\\EndOfProcessMemory
		SccProjectUniqueName7 = Examples\\EndOfJobMemory\\EndOfJobMemory.csproj
		SccProjectTopLevelParentUniqueName7 = JobObjectWrapper.sln
		SccProjectName7 = Examples/EndOfJobMemory
		SccLocalPath7 = Examples\\EndOfJobMemory
		SccLocalPath8 = .
	EndGlobalSection
	GlobalSection(SolutionConfigurationPlatforms) = preSolution
		Debug|Any CPU = Debug|Any CPU
		Debug|Mixed Platforms = Debug|Mixed Platforms
		Debug|Win32 = Debug|Win32
		Debug|x64 = Debug|x64
		Debug|x86 = Debug|x86
		Release|Any CPU = Release|Any CPU
		Release|Mixed Platforms = Release|Mixed Platforms
		Release|Win32 = Release|Win32
		Release|x64 = Release|x64
		Release|x86 = Release|x86
	EndGlobalSection
	GlobalSection(ProjectConfigurationPlatforms) = postSolution
		{1208C948-CD63-45A9-8031-3D7EF416E623}.Debug|Any CPU.ActiveCfg = Debug|Any CPU
		{1208C948-CD63-45A9-8031-3D7EF416E623}.Debug|Any CPU.Build.0 = Debug|Any CPU
		{1208C948-CD63-45A9-8031-3D7EF416E623}.Debug|Mixed Platforms.ActiveCfg = Debug|x86
		{1208C948-CD63-45A9-8031-3D7EF416E623}.Debug|Mixed Platforms.Build.0 = Debug|x86
		{1208C948-CD63-45A9-8031-3D7EF416E623}.Debug|Win32.ActiveCfg = Debug|x86
		{1208C948-CD63-45A9-8031-3D7EF416E623}.Debug|x64.ActiveCfg = Debug|x86
		{1208C948-CD63-45A9-8031-3D7EF416E623}.Debug|x86.ActiveCfg = Debug|x86
		{1208C948-CD63-45A9-8031-3D7EF416E623}.Debug|x86.Build.0 = Debug|x86
		{1208C948-CD63-45A9-8031-3D7EF416E623}.Release|Any CPU.ActiveCfg = Release|Any CPU
		{1208C948-CD63-45A9-8031-3D7EF416E623}.Release|Any CPU.Build.0 = Release|Any CPU
		{1208C948-CD63-45A9-8031-3D7EF416E623}.Release|Mixed Platforms.ActiveCfg = Release|x86
		{1208C948-CD63-45A9-8031-3D7EF416E623}.Release|Mixed Platforms.Build.0 = Release|x86
		{1208C948-CD63-45A9-8031-3D7EF416E623}.Release|Win32.ActiveCfg = Release|x86
		{1208C948-CD63-45A9-8031-3D7EF416E623}.Release|x64.ActiveCfg = Release|x86
		{1208C948-CD63-45A9-8031-3D7EF416E623}.Release|x86.ActiveCfg = Release|x86
		{1208C948-CD63-45A9-8031-3D7EF416E623}.Release|x86.Build.0 = Release|x86
		{0E50E067-74E6-41E9-8E69-B485813CA7D8}.Debug|Any CPU.ActiveCfg = Debug|Win32
		{0E50E067-74E6-41E9-8E69-B485813CA7D8}.Debug|Mixed Platforms.ActiveCfg = Debug|Win32
		{0E50E067-74E6-41E9-8E69-B485813CA7D8}.Debug|Mixed Platforms.Build.0 = Debug|Win32
		{0E50E067-74E6-41E9-8E69-B485813CA7D8}.Debug|Win32.ActiveCfg = Debug|Win32
		{0E50E067-74E6-41E9-8E69-B485813CA7D8}.Debug|Win32.Build.0 = Debug|Win32
		{0E50E067-74E6-41E9-8E69-B485813CA7D8}.Debug|x64.ActiveCfg = Debug|Win32
		{0E50E067-74E6-41E9-8E69-B485813CA7D8}.Debug|x86.ActiveCfg = Debug|Win32
		{0E50E067-74E6-41E9-8E69-B485813CA7D8}.Release|Any CPU.ActiveCfg = Release|Win32
		{0E50E067-74E6-41E9-8E69-B485813CA7D8}.Release|Mixed Platforms.ActiveCfg = Release|Win32
		{0E50E067-74E6-41E9-8E69-B485813CA7D8}.Release|Mixed Platforms.Build.0 = Release|Win32
		{0E50E067-74E6-41E9-8E69-B485813CA7D8}.Release|Win32.ActiveCfg = Release|Win32
		{0E50E067-74E6-41E9-8E69-B485813CA7D8}.Release|Win32.Build.0 = Release|Win32
		{0E50E067-74E6-41E9-8E69-B485813CA7D8}.Release|x64.ActiveCfg = Release|Win32
		{0E50E067-74E6-41E9-8E69-B485813CA7D8}.Release|x86.ActiveCfg = Release|Win32
		{7A2E87B8-B42E-469C-BB7C-6CD132F402E5}.Debug|Any CPU.ActiveCfg = Debug|Any CPU
		{7A2E87B8-B42E-469C-BB7C-6CD132F402E5}.Debug|Any CPU.Build.0 = Debug|Any CPU
		{7A2E87B8-B42E-469C-BB7C-6CD132F402E5}.Debug|Mixed Platforms.ActiveCfg = Debug|x86
		{7A2E87B8-B42E-469C-BB7C-6CD132F402E5}.Debug|Mixed Platforms.Build.0 = Debug|x86
		{7A2E87B8-B42E-469C-BB7C-6CD132F402E5}.Debug|Win32.ActiveCfg = Debug|x86
		{7A2E87B8-B42E-469C-BB7C-6CD132F402E5}.Debug|x64.ActiveCfg = Debug|x64
		{7A2E87B8-B42E-469C-BB7C-6CD132F402E5}.Debug|x64.Build.0 = Debug|x64
		{7A2E87B8-B42E-469C-BB7C-6CD132F402E5}.Debug|x86.ActiveCfg = Debug|x86
		{7A2E87B8-B42E-469C-BB7C-6CD132F402E5}.Debug|x86.Build.0 = Debug|x86
		{7A2E87B8-B42E-469C-BB7C-6CD132F402E5}.Release|Any CPU.ActiveCfg = Release|Any CPU
		{7A2E87B8-B42E-469C-BB7C-6CD132F402E5}.Release|Any CPU.Build.0 = Release|Any CPU
		{7A2E87B8-B42E-469C-BB7C-6CD132F402E5}.Release|Mixed Platforms.ActiveCfg = Release|x86
		{7A2E87B8-B42E-469C-BB7C-6CD132F402E5}.Release|Mixed Platforms.Build.0 = Release|x86
		{7A2E87B8-B42E-469C-BB7C-6CD132F402E5}.Release|Win32.ActiveCfg = Release|x64
		{7A2E87B8-B42E-469C-BB7C-6CD132F402E5}.Release|x64.ActiveCfg = Release|x64
		{7A2E87B8-B42E-469C-BB7C-6CD132F402E5}.Release|x64.Build.0 = Release|x64
		{7A2E87B8-B42E-469C-BB7C-6CD132F402E5}.Release|x86.ActiveCfg = Release|x86
		{7A2E87B8-B42E-469C-BB7C-6CD132F402E5}.Release|x86.Build.0 = Release|x86
		{C935D2E3-37E2-4906-9D5A-47B56F3BC5A8}.Debug|Any CPU.ActiveCfg = Debug|Any CPU
		{C935D2E3-37E2-4906-9D5A-47B56F3BC5A8}.Debug|Any CPU.Build.0 = Debug|Any CPU
		{C935D2E3-37E2-4906-9D5A-47B56F3BC5A8}.Debug|Mixed Platforms.ActiveCfg = Debug|x86
		{C935D2E3-37E2-4906-9D5A-47B56F3BC5A8}.Debug|Mixed Platforms.Build.0 = Debug|x86
		{C935D2E3-37E2-4906-9D5A-47B56F3BC5A8}.Debug|Win32.ActiveCfg = Debug|Any CPU
		{C935D2E3-37E2-4906-9D5A-47B56F3BC5A8}.Debug|x64.ActiveCfg = Debug|Any CPU
		{C935D2E3-37E2-4906-9D5A-47B56F3BC5A8}.Debug|x86.ActiveCfg = Debug|Any CPU
		{C935D2E3-37E2-4906-9D5A-47B56F3BC5A8}.Release|Any CPU.ActiveCfg = Release|Any CPU
		{C935D2E3-37E2-4906-9D5A-47B56F3BC5A8}.Release|Any CPU.Build.0 = Release|Any CPU
		{C935D2E3-37E2-4906-9D5A-47B56F3BC5A8}.Release|Mixed Platforms.ActiveCfg = Release|x86
		{C935D2E3-37E2-4906-9D5A-47B56F3BC5A8}.Release|Mixed Platforms.Build.0 = Release|x86
		{C935D2E3-37E2-4906-9D5A-47B56F3BC5A8}.Release|Win32.ActiveCfg = Release|Any CPU
		{C935D2E3-37E2-4906-9D5A-47B56F3BC5A8}.Release|x64.ActiveCfg = Release|Any CPU
		{C935D2E3-37E2-4906-9D5A-47B56F3BC5A8}.Release|x86.ActiveCfg = Release|Any CPU
		{CAFF6A01-8EBF-4040-9A42-E950BCBEE0F5}.Debug|Any CPU.ActiveCfg = Debug|Any CPU
		{CAFF6A01-8EBF-4040-9A42-E950BCBEE0F5}.Debug|Any CPU.Build.0 = Debug|Any CPU
		{CAFF6A01-8EBF-4040-9A42-E950BCBEE0F5}.Debug|Mixed Platforms.ActiveCfg = Debug|x86
		{CAFF6A01-8EBF-4040-9A42-E950BCBEE0F5}.Debug|Mixed Platforms.Build.0 = Debug|x86
		{CAFF6A01-8EBF-4040-9A42-E950BCBEE0F5}.Debug|Win32.ActiveCfg = Debug|Any CPU
		{CAFF6A01-8EBF-4040-9A42-E950BCBEE0F5}.Debug|x64.ActiveCfg = Debug|Any CPU
		{CAFF6A01-8EBF-4040-9A42-E950BCBEE0F5}.Debug|x86.ActiveCfg = Debug|Any CPU
		{CAFF6A01-8EBF-4040-9A42-E950BCBEE0F5}.Release|Any CPU.ActiveCfg = Release|Any CPU
		{CAFF6A01-8EBF-4040-9A42-E950BCBEE0F5}.Release|Any CPU.Build.0 = Release|Any CPU
		{CAFF6A01-8EBF-4040-9A42-E950BCBEE0F5}.Release|Mixed Platforms.ActiveCfg = Release|x86
		{CAFF6A01-8EBF-4040-9A42-E950BCBEE0F5}.Release|Mixed Platforms.Build.0 = Release|x86
		{CAFF6A01-8EBF-4040-9A42-E950BCBEE0F5}.Release|Win32.ActiveCfg = Release|Any CPU
		{CAFF6A01-8EBF-4040-9A42-E950BCBEE0F5}.Release|x64.ActiveCfg = Release|Any CPU
		{CAFF6A01-8EBF-4040-9A42-E950BCBEE0F5}.Release|x86.ActiveCfg = Release|Any CPU
		{32D55A47-1F54-4A6C-9B23-C89F28076530}.Debug|Any CPU.ActiveCfg = Debug|Any CPU
		{32D55A47-1F54-4A6C-9B23-C89F28076530}.Debug|Any CPU.Build.0 = Debug|Any CPU
		{32D55A47-1F54-4A6C-9B23-C89F28076530}.Debug|Mixed Platforms.ActiveCfg = Debug|x86
		{32D55A47-1F54-4A6C-9B23-C89F28076530}.Debug|Mixed Platforms.Build.0 = Debug|x86
		{32D55A47-1F54-4A6C-9B23-C89F28076530}.Debug|Win32.ActiveCfg = Debug|Any CPU
		{32D55A47-1F54-4A6C-9B23-C89F28076530}.Debug|x64.ActiveCfg = Debug|Any CPU
		{32D55A47-1F54-4A6C-9B23-C89F28076530}.Debug|x86.ActiveCfg = Debug|Any CPU
		{32D55A47-1F54-4A6C-9B23-C89F28076530}.Release|Any CPU.ActiveCfg = Release|Any CPU
		{32D55A47-1F54-4A6C-9B23-C89F28076530}.Release|Any CPU.Build.0 = Release|Any CPU
		{32D55A47-1F54-4A6C-9B23-C89F28076530}.Release|Mixed Platforms.ActiveCfg = Release|x86
		{32D55A47-1F54-4A6C-9B23-C89F28076530}.Release|Mixed Platforms.Build.0 = Release|x86
		{32D55A47-1F54-4A6C-9B23-C89F28076530}.Release|Win32.ActiveCfg = Release|Any CPU
		{32D55A47-1F54-4A6C-9B23-C89F28076530}.Release|x64.ActiveCfg = Release|Any CPU
		{32D55A47-1F54-4A6C-9B23-C89F28076530}.Release|x86.ActiveCfg = Release|Any CPU
		{C1B24BBC-346E-4B59-8EC6-FE18375EBAF1}.Debug|Any CPU.ActiveCfg = Debug|Any CPU
		{C1B24BBC-346E-4B59-8EC6-FE18375EBAF1}.Debug|Any CPU.Build.0 = Debug|Any CPU
		{C1B24BBC-346E-4B59-8EC6-FE18375EBAF1}.Debug|Mixed Platforms.ActiveCfg = Debug|x86
		{C1B24BBC-346E-4B59-8EC6-FE18375EBAF1}.Debug|Mixed Platforms.Build.0 = Debug|x86
		{C1B24BBC-346E-4B59-8EC6-FE18375EBAF1}.Debug|Win32.ActiveCfg = Debug|Any CPU
		{C1B24BBC-346E-4B59-8EC6-FE18375EBAF1}.Debug|x64.ActiveCfg = Debug|Any CPU
		{C1B24BBC-346E-4B59-8EC6-FE18375EBAF1}.Debug|x86.ActiveCfg = Debug|Any CPU
		{C1B24BBC-346E-4B59-8EC6-FE18375EBAF1}.Release|Any CPU.ActiveCfg = Release|Any CPU
		{C1B24BBC-346E-4B59-8EC6-FE18375EBAF1}.Release|Any CPU.Build.0 = Release|Any CPU
		{C1B24BBC-346E-4B59-8EC6-FE18375EBAF1}.Release|Mixed Platforms.ActiveCfg = Release|x86
		{C1B24BBC-346E-4B59-8EC6-FE18375EBAF1}.Release|Mixed Platforms.Build.0 = Release|x86
		{C1B24BBC-346E-4B59-8EC6-FE18375EBAF1}.Release|Win32.ActiveCfg = Release|Any CPU
		{C1B24BBC-346E-4B59-8EC6-FE18375EBAF1}.Release|x64.ActiveCfg = Release|Any CPU
		{C1B24BBC-346E-4B59-8EC6-FE18375EBAF1}.Release|x86.ActiveCfg = Release|Any CPU
		{54D7A119-2C07-481B-9662-BA9A65A4B766}.Debug|Any CPU.ActiveCfg = Debug|Any CPU
		{54D7A119-2C07-481B-9662-BA9A65A4B766}.Debug|Any CPU.Build.0 = Debug|Any CPU
		{54D7A119-2C07-481B-9662-BA9A65A4B766}.Debug|Mixed Platforms.ActiveCfg = Debug|x86
		{54D7A119-2C07-481B-9662-BA9A65A4B766}.Debug|Mixed Platforms.Build.0 = Debug|x86
		{54D7A119-2C07-481B-9662-BA9A65A4B766}.Debug|Win32.ActiveCfg = Debug|Any CPU
		{54D7A119-2C07-481B-9662-BA9A65A4B766}.Debug|x64.ActiveCfg = Debug|Any CPU
		{54D7A119-2C07-481B-9662-BA9A65A4B766}.Debug|x86.ActiveCfg = Debug|Any CPU
		{54D7A119-2C07-481B-9662-BA9A65A4B766}.Release|Any CPU.ActiveCfg = Release|Any CPU
		{54D7A119-2C07-481B-9662-BA9A65A4B766}.Release|Any CPU.Build.0 = Release|Any CPU
		{54D7A119-2C07-481B-9662-BA9A65A4B766}.Release|Mixed Platforms.ActiveCfg = Release|x86
		{54D7A119-2C07-481B-9662-BA9A65A4B766}.Release|Mixed Platforms.Build.0 = Release|x86
		{54D7A119-2C07-481B-9662-BA9A65A4B766}.Release|Win32.ActiveCfg = Release|Any CPU
		{54D7A119-2C07-481B-9662-BA9A65A4B766}.Release|x64.ActiveCfg = Release|Any CPU
		{54D7A119-2C07-481B-9662-BA9A65A4B766}.Release|x86.ActiveCfg = Release|Any CPU
	EndGlobalSection
	GlobalSection(SolutionProperties) = preSolution
		HideSolutionNode = FALSE
	EndGlobalSection
	GlobalSection(NestedProjects) = preSolution
		{C935D2E3-37E2-4906-9D5A-47B56F3BC5A8} = {642E076D-2DD8-4C5F-A7C3-96A34E73BCFF}
		{CAFF6A01-8EBF-4040-9A42-E950BCBEE0F5} = {642E076D-2DD8-4C5F-A7C3-96A34E73BCFF}
		{32D55A47-1F54-4A6C-9B23-C89F28076530} = {642E076D-2DD8-4C5F-A7C3-96A34E73BCFF}
		{C1B24BBC-346E-4B59-8EC6-FE18375EBAF1} = {642E076D-2DD8-4C5F-A7C3-96A34E73BCFF}
		{54D7A119-2C07-481B-9662-BA9A65A4B766} = {642E076D-2DD8-4C5F-A7C3-96A34E73BCFF}
	EndGlobalSection
EndGlobal
